// !$*UTF8*$!
{
	archiveVersion = 1;
	classes = {
	};
	objectVersion = 50;
	objects = {

/* Begin PBXBuildFile section */
		475E2D6620F2EF36002F34DE /* AppDelegate.swift in Sources */ = {isa = PBXBuildFile; fileRef = 475E2D6520F2EF36002F34DE /* AppDelegate.swift */; };
		475E2D6820F2EF36002F34DE /* ViewController.swift in Sources */ = {isa = PBXBuildFile; fileRef = 475E2D6720F2EF36002F34DE /* ViewController.swift */; };
		475E2D6B20F2EF36002F34DE /* Main.storyboard in Resources */ = {isa = PBXBuildFile; fileRef = 475E2D6920F2EF36002F34DE /* Main.storyboard */; };
		475E2D6D20F2EF37002F34DE /* Assets.xcassets in Resources */ = {isa = PBXBuildFile; fileRef = 475E2D6C20F2EF37002F34DE /* Assets.xcassets */; };
		475E2D7020F2EF37002F34DE /* LaunchScreen.storyboard in Resources */ = {isa = PBXBuildFile; fileRef = 475E2D6E20F2EF37002F34DE /* LaunchScreen.storyboard */; };
		475E2D7B20F2EF37002F34DE /* SwiftDDTests.swift in Sources */ = {isa = PBXBuildFile; fileRef = 475E2D7A20F2EF37002F34DE /* SwiftDDTests.swift */; };
		475E2D8620F2EF37002F34DE /* SwiftDDUITests.swift in Sources */ = {isa = PBXBuildFile; fileRef = 475E2D8520F2EF37002F34DE /* SwiftDDUITests.swift */; };
		475E2DDC20F2F315002F34DE /* Profile.framework in Frameworks */ = {isa = PBXBuildFile; fileRef = 475E2DDB20F2F315002F34DE /* Profile.framework */; };
		475E2DDD20F2F315002F34DE /* Profile.framework in Embed Frameworks */ = {isa = PBXBuildFile; fileRef = 475E2DDB20F2F315002F34DE /* Profile.framework */; settings = {ATTRIBUTES = (CodeSignOnCopy, RemoveHeadersOnCopy, ); }; };
		475E2DE020F2F31A002F34DE /* Common.framework in Frameworks */ = {isa = PBXBuildFile; fileRef = 475E2DDF20F2F31A002F34DE /* Common.framework */; };
		475E2DE120F2F31A002F34DE /* Common.framework in Embed Frameworks */ = {isa = PBXBuildFile; fileRef = 475E2DDF20F2F31A002F34DE /* Common.framework */; settings = {ATTRIBUTES = (CodeSignOnCopy, RemoveHeadersOnCopy, ); }; };
		475E2E1420F3095F002F34DE /* Config.swift in Sources */ = {isa = PBXBuildFile; fileRef = 475E2E1320F3095F002F34DE /* Config.swift */; };
		475E2E7020F45ECE002F34DE /* README.md in Resources */ = {isa = PBXBuildFile; fileRef = 475E2E6F20F45ECE002F34DE /* README.md */; };
/* End PBXBuildFile section */

/* Begin PBXContainerItemProxy section */
		475E2D7720F2EF37002F34DE /* PBXContainerItemProxy */ = {
			isa = PBXContainerItemProxy;
			containerPortal = 475E2D5A20F2EF36002F34DE /* Project object */;
			proxyType = 1;
			remoteGlobalIDString = 475E2D6120F2EF36002F34DE;
			remoteInfo = SwiftDD;
		};
		475E2D8220F2EF37002F34DE /* PBXContainerItemProxy */ = {
			isa = PBXContainerItemProxy;
			containerPortal = 475E2D5A20F2EF36002F34DE /* Project object */;
			proxyType = 1;
			remoteGlobalIDString = 475E2D6120F2EF36002F34DE;
			remoteInfo = SwiftDD;
		};
/* End PBXContainerItemProxy section */

/* Begin PBXCopyFilesBuildPhase section */
		475E2DDE20F2F315002F34DE /* Embed Frameworks */ = {
			isa = PBXCopyFilesBuildPhase;
			buildActionMask = 2147483647;
			dstPath = "";
			dstSubfolderSpec = 10;
			files = (
				475E2DDD20F2F315002F34DE /* Profile.framework in Embed Frameworks */,
				475E2DE120F2F31A002F34DE /* Common.framework in Embed Frameworks */,
			);
			name = "Embed Frameworks";
			runOnlyForDeploymentPostprocessing = 0;
		};
/* End PBXCopyFilesBuildPhase section */

/* Begin PBXFileReference section */
		473BB68120F73ABA00C6DAA2 /* APP启动参数设定.md */ = {isa = PBXFileReference; lastKnownFileType = net.daringfireball.markdown; path = "APP启动参数设定.md"; sourceTree = "<group>"; };
		473BB68220F87FF500C6DAA2 /* 代码只在Debug下引入或生效.md */ = {isa = PBXFileReference; lastKnownFileType = net.daringfireball.markdown; path = "代码只在Debug下引入或生效.md"; sourceTree = "<group>"; };
		475E2D6220F2EF36002F34DE /* SwiftDD.app */ = {isa = PBXFileReference; explicitFileType = wrapper.application; includeInIndex = 0; path = SwiftDD.app; sourceTree = BUILT_PRODUCTS_DIR; };
		475E2D6520F2EF36002F34DE /* AppDelegate.swift */ = {isa = PBXFileReference; lastKnownFileType = sourcecode.swift; path = AppDelegate.swift; sourceTree = "<group>"; };
		475E2D6720F2EF36002F34DE /* ViewController.swift */ = {isa = PBXFileReference; lastKnownFileType = sourcecode.swift; path = ViewController.swift; sourceTree = "<group>"; };
		475E2D6A20F2EF36002F34DE /* Base */ = {isa = PBXFileReference; lastKnownFileType = file.storyboard; name = Base; path = Base.lproj/Main.storyboard; sourceTree = "<group>"; };
		475E2D6C20F2EF37002F34DE /* Assets.xcassets */ = {isa = PBXFileReference; lastKnownFileType = folder.assetcatalog; path = Assets.xcassets; sourceTree = "<group>"; };
		475E2D6F20F2EF37002F34DE /* Base */ = {isa = PBXFileReference; lastKnownFileType = file.storyboard; name = Base; path = Base.lproj/LaunchScreen.storyboard; sourceTree = "<group>"; };
		475E2D7120F2EF37002F34DE /* Info.plist */ = {isa = PBXFileReference; lastKnownFileType = text.plist.xml; path = Info.plist; sourceTree = "<group>"; };
		475E2D7620F2EF37002F34DE /* SwiftDDTests.xctest */ = {isa = PBXFileReference; explicitFileType = wrapper.cfbundle; includeInIndex = 0; path = SwiftDDTests.xctest; sourceTree = BUILT_PRODUCTS_DIR; };
		475E2D7A20F2EF37002F34DE /* SwiftDDTests.swift */ = {isa = PBXFileReference; lastKnownFileType = sourcecode.swift; path = SwiftDDTests.swift; sourceTree = "<group>"; };
		475E2D7C20F2EF37002F34DE /* Info.plist */ = {isa = PBXFileReference; lastKnownFileType = text.plist.xml; path = Info.plist; sourceTree = "<group>"; };
		475E2D8120F2EF37002F34DE /* SwiftDDUITests.xctest */ = {isa = PBXFileReference; explicitFileType = wrapper.cfbundle; includeInIndex = 0; path = SwiftDDUITests.xctest; sourceTree = BUILT_PRODUCTS_DIR; };
		475E2D8520F2EF37002F34DE /* SwiftDDUITests.swift */ = {isa = PBXFileReference; lastKnownFileType = sourcecode.swift; path = SwiftDDUITests.swift; sourceTree = "<group>"; };
		475E2D8720F2EF37002F34DE /* Info.plist */ = {isa = PBXFileReference; lastKnownFileType = text.plist.xml; path = Info.plist; sourceTree = "<group>"; };
		475E2DDB20F2F315002F34DE /* Profile.framework */ = {isa = PBXFileReference; explicitFileType = wrapper.framework; path = Profile.framework; sourceTree = BUILT_PRODUCTS_DIR; };
		475E2DDF20F2F31A002F34DE /* Common.framework */ = {isa = PBXFileReference; explicitFileType = wrapper.framework; path = Common.framework; sourceTree = BUILT_PRODUCTS_DIR; };
		475E2E1320F3095F002F34DE /* Config.swift */ = {isa = PBXFileReference; lastKnownFileType = sourcecode.swift; path = Config.swift; sourceTree = "<group>"; };
		475E2E6F20F45ECE002F34DE /* README.md */ = {isa = PBXFileReference; lastKnownFileType = net.daringfireball.markdown; path = README.md; sourceTree = "<group>"; };
/* End PBXFileReference section */

/* Begin PBXFrameworksBuildPhase section */
		475E2D5F20F2EF36002F34DE /* Frameworks */ = {
			isa = PBXFrameworksBuildPhase;
			buildActionMask = 2147483647;
			files = (
				475E2DDC20F2F315002F34DE /* Profile.framework in Frameworks */,
				475E2DE020F2F31A002F34DE /* Common.framework in Frameworks */,
			);
			runOnlyForDeploymentPostprocessing = 0;
		};
		475E2D7320F2EF37002F34DE /* Frameworks */ = {
			isa = PBXFrameworksBuildPhase;
			buildActionMask = 2147483647;
			files = (
			);
			runOnlyForDeploymentPostprocessing = 0;
		};
		475E2D7E20F2EF37002F34DE /* Frameworks */ = {
			isa = PBXFrameworksBuildPhase;
			buildActionMask = 2147483647;
			files = (
			);
			runOnlyForDeploymentPostprocessing = 0;
		};
/* End PBXFrameworksBuildPhase section */

/* Begin PBXGroup section */
		473BB68320F8821000C6DAA2 /* Tips */ = {
			isa = PBXGroup;
			children = (
				473BB68220F87FF500C6DAA2 /* 代码只在Debug下引入或生效.md */,
				475E2E6F20F45ECE002F34DE /* README.md */,
				473BB68120F73ABA00C6DAA2 /* APP启动参数设定.md */,
			);
			name = Tips;
			sourceTree = "<group>";
		};
		475E2D5920F2EF36002F34DE = {
			isa = PBXGroup;
			children = (
				473BB68320F8821000C6DAA2 /* Tips */,
				475E2DE220F2F32C002F34DE /* Framework */,
				475E2D6420F2EF36002F34DE /* SwiftDD */,
				475E2D7920F2EF37002F34DE /* SwiftDDTests */,
				475E2D8420F2EF37002F34DE /* SwiftDDUITests */,
				475E2D6320F2EF36002F34DE /* Products */,
			);
			sourceTree = "<group>";
		};
		475E2D6320F2EF36002F34DE /* Products */ = {
			isa = PBXGroup;
			children = (
				475E2D6220F2EF36002F34DE /* SwiftDD.app */,
				475E2D7620F2EF37002F34DE /* SwiftDDTests.xctest */,
				475E2D8120F2EF37002F34DE /* SwiftDDUITests.xctest */,
			);
			name = Products;
			sourceTree = "<group>";
		};
		475E2D6420F2EF36002F34DE /* SwiftDD */ = {
			isa = PBXGroup;
			children = (
				475E2D6520F2EF36002F34DE /* AppDelegate.swift */,
				475E2D6720F2EF36002F34DE /* ViewController.swift */,
				475E2E1320F3095F002F34DE /* Config.swift */,
				475E2D6920F2EF36002F34DE /* Main.storyboard */,
				475E2D6C20F2EF37002F34DE /* Assets.xcassets */,
				475E2D6E20F2EF37002F34DE /* LaunchScreen.storyboard */,
				475E2D7120F2EF37002F34DE /* Info.plist */,
			);
			path = SwiftDD;
			sourceTree = "<group>";
		};
		475E2D7920F2EF37002F34DE /* SwiftDDTests */ = {
			isa = PBXGroup;
			children = (
				475E2D7A20F2EF37002F34DE /* SwiftDDTests.swift */,
				475E2D7C20F2EF37002F34DE /* Info.plist */,
			);
			path = SwiftDDTests;
			sourceTree = "<group>";
		};
		475E2D8420F2EF37002F34DE /* SwiftDDUITests */ = {
			isa = PBXGroup;
			children = (
				475E2D8520F2EF37002F34DE /* SwiftDDUITests.swift */,
				475E2D8720F2EF37002F34DE /* Info.plist */,
			);
			path = SwiftDDUITests;
			sourceTree = "<group>";
		};
		475E2DE220F2F32C002F34DE /* Framework */ = {
			isa = PBXGroup;
			children = (
				475E2DDF20F2F31A002F34DE /* Common.framework */,
				475E2DDB20F2F315002F34DE /* Profile.framework */,
			);
			name = Framework;
			sourceTree = "<group>";
		};
/* End PBXGroup section */

/* Begin PBXNativeTarget section */
		475E2D6120F2EF36002F34DE /* SwiftDD */ = {
			isa = PBXNativeTarget;
			buildConfigurationList = 475E2D8A20F2EF37002F34DE /* Build configuration list for PBXNativeTarget "SwiftDD" */;
			buildPhases = (
				475E2D5E20F2EF36002F34DE /* Sources */,
				475E2D5F20F2EF36002F34DE /* Frameworks */,
				475E2D6020F2EF36002F34DE /* Resources */,
				475E2DDE20F2F315002F34DE /* Embed Frameworks */,
			);
			buildRules = (
			);
			dependencies = (
			);
			name = SwiftDD;
			productName = SwiftDD;
			productReference = 475E2D6220F2EF36002F34DE /* SwiftDD.app */;
			productType = "com.apple.product-type.application";
		};
		475E2D7520F2EF37002F34DE /* SwiftDDTests */ = {
			isa = PBXNativeTarget;
			buildConfigurationList = 475E2D8D20F2EF37002F34DE /* Build configuration list for PBXNativeTarget "SwiftDDTests" */;
			buildPhases = (
				475E2D7220F2EF37002F34DE /* Sources */,
				475E2D7320F2EF37002F34DE /* Frameworks */,
				475E2D7420F2EF37002F34DE /* Resources */,
			);
			buildRules = (
			);
			dependencies = (
				475E2D7820F2EF37002F34DE /* PBXTargetDependency */,
			);
			name = SwiftDDTests;
			productName = SwiftDDTests;
			productReference = 475E2D7620F2EF37002F34DE /* SwiftDDTests.xctest */;
			productType = "com.apple.product-type.bundle.unit-test";
		};
		475E2D8020F2EF37002F34DE /* SwiftDDUITests */ = {
			isa = PBXNativeTarget;
			buildConfigurationList = 475E2D9020F2EF37002F34DE /* Build configuration list for PBXNativeTarget "SwiftDDUITests" */;
			buildPhases = (
				475E2D7D20F2EF37002F34DE /* Sources */,
				475E2D7E20F2EF37002F34DE /* Frameworks */,
				475E2D7F20F2EF37002F34DE /* Resources */,
			);
			buildRules = (
			);
			dependencies = (
				475E2D8320F2EF37002F34DE /* PBXTargetDependency */,
			);
			name = SwiftDDUITests;
			productName = SwiftDDUITests;
			productReference = 475E2D8120F2EF37002F34DE /* SwiftDDUITests.xctest */;
			productType = "com.apple.product-type.bundle.ui-testing";
		};
/* End PBXNativeTarget section */

/* Begin PBXProject section */
		475E2D5A20F2EF36002F34DE /* Project object */ = {
			isa = PBXProject;
			attributes = {
				LastSwiftUpdateCheck = 0930;
				LastUpgradeCheck = 0930;
				ORGANIZATIONNAME = com.gk;
				TargetAttributes = {
					475E2D6120F2EF36002F34DE = {
						CreatedOnToolsVersion = 9.3;
					};
					475E2D7520F2EF37002F34DE = {
						CreatedOnToolsVersion = 9.3;
						TestTargetID = 475E2D6120F2EF36002F34DE;
					};
					475E2D8020F2EF37002F34DE = {
						CreatedOnToolsVersion = 9.3;
						TestTargetID = 475E2D6120F2EF36002F34DE;
					};
				};
			};
			buildConfigurationList = 475E2D5D20F2EF36002F34DE /* Build configuration list for PBXProject "SwiftDD" */;
			compatibilityVersion = "Xcode 9.3";
			developmentRegion = en;
			hasScannedForEncodings = 0;
			knownRegions = (
				en,
				Base,
			);
			mainGroup = 475E2D5920F2EF36002F34DE;
			productRefGroup = 475E2D6320F2EF36002F34DE /* Products */;
			projectDirPath = "";
			projectRoot = "";
			targets = (
				475E2D6120F2EF36002F34DE /* SwiftDD */,
				475E2D7520F2EF37002F34DE /* SwiftDDTests */,
				475E2D8020F2EF37002F34DE /* SwiftDDUITests */,
			);
		};
/* End PBXProject section */

/* Begin PBXResourcesBuildPhase section */
		475E2D6020F2EF36002F34DE /* Resources */ = {
			isa = PBXResourcesBuildPhase;
			buildActionMask = 2147483647;
			files = (
				475E2D7020F2EF37002F34DE /* LaunchScreen.storyboard in Resources */,
				475E2D6D20F2EF37002F34DE /* Assets.xcassets in Resources */,
				475E2E7020F45ECE002F34DE /* README.md in Resources */,
				475E2D6B20F2EF36002F34DE /* Main.storyboard in Resources */,
			);
			runOnlyForDeploymentPostprocessing = 0;
		};
		475E2D7420F2EF37002F34DE /* Resources */ = {
			isa = PBXResourcesBuildPhase;
			buildActionMask = 2147483647;
			files = (
			);
			runOnlyForDeploymentPostprocessing = 0;
		};
		475E2D7F20F2EF37002F34DE /* Resources */ = {
			isa = PBXResourcesBuildPhase;
			buildActionMask = 2147483647;
			files = (
			);
			runOnlyForDeploymentPostprocessing = 0;
		};
/* End PBXResourcesBuildPhase section */

/* Begin PBXSourcesBuildPhase section */
		475E2D5E20F2EF36002F34DE /* Sources */ = {
			isa = PBXSourcesBuildPhase;
			buildActionMask = 2147483647;
			files = (
				475E2D6820F2EF36002F34DE /* ViewController.swift in Sources */,
				475E2D6620F2EF36002F34DE /* AppDelegate.swift in Sources */,
				475E2E1420F3095F002F34DE /* Config.swift in Sources */,
			);
			runOnlyForDeploymentPostprocessing = 0;
		};
		475E2D7220F2EF37002F34DE /* Sources */ = {
			isa = PBXSourcesBuildPhase;
			buildActionMask = 2147483647;
			files = (
				475E2D7B20F2EF37002F34DE /* SwiftDDTests.swift in Sources */,
			);
			runOnlyForDeploymentPostprocessing = 0;
		};
		475E2D7D20F2EF37002F34DE /* Sources */ = {
			isa = PBXSourcesBuildPhase;
			buildActionMask = 2147483647;
			files = (
				475E2D8620F2EF37002F34DE /* SwiftDDUITests.swift in Sources */,
			);
			runOnlyForDeploymentPostprocessing = 0;
		};
/* End PBXSourcesBuildPhase section */

/* Begin PBXTargetDependency section */
		475E2D7820F2EF37002F34DE /* PBXTargetDependency */ = {
			isa = PBXTargetDependency;
			target = 475E2D6120F2EF36002F34DE /* SwiftDD */;
			targetProxy = 475E2D7720F2EF37002F34DE /* PBXContainerItemProxy */;
		};
		475E2D8320F2EF37002F34DE /* PBXTargetDependency */ = {
			isa = PBXTargetDependency;
			target = 475E2D6120F2EF36002F34DE /* SwiftDD */;
			targetProxy = 475E2D8220F2EF37002F34DE /* PBXContainerItemProxy */;
		};
/* End PBXTargetDependency section */

/* Begin PBXVariantGroup section */
		475E2D6920F2EF36002F34DE /* Main.storyboard */ = {
			isa = PBXVariantGroup;
			children = (
				475E2D6A20F2EF36002F34DE /* Base */,
			);
			name = Main.storyboard;
			sourceTree = "<group>";
		};
		475E2D6E20F2EF37002F34DE /* LaunchScreen.storyboard */ = {
			isa = PBXVariantGroup;
			children = (
				475E2D6F20F2EF37002F34DE /* Base */,
			);
			name = LaunchScreen.storyboard;
			sourceTree = "<group>";
		};
/* End PBXVariantGroup section */

/* Begin XCBuildConfiguration section */
		475E2D8820F2EF37002F34DE /* Debug */ = {
			isa = XCBuildConfiguration;
			buildSettings = {
				ALWAYS_SEARCH_USER_PATHS = NO;
				CLANG_ANALYZER_NONNULL = YES;
				CLANG_ANALYZER_NUMBER_OBJECT_CONVERSION = YES_AGGRESSIVE;
				CLANG_CXX_LANGUAGE_STANDARD = "gnu++14";
				CLANG_CXX_LIBRARY = "libc++";
				CLANG_ENABLE_MODULES = YES;
				CLANG_ENABLE_OBJC_ARC = YES;
				CLANG_ENABLE_OBJC_WEAK = YES;
				CLANG_WARN_BLOCK_CAPTURE_AUTORELEASING = YES;
				CLANG_WARN_BOOL_CONVERSION = YES;
				CLANG_WARN_COMMA = YES;
				CLANG_WARN_CONSTANT_CONVERSION = YES;
				CLANG_WARN_DEPRECATED_OBJC_IMPLEMENTATIONS = YES;
				CLANG_WARN_DIRECT_OBJC_ISA_USAGE = YES_ERROR;
				CLANG_WARN_DOCUMENTATION_COMMENTS = YES;
				CLANG_WARN_EMPTY_BODY = YES;
				CLANG_WARN_ENUM_CONVERSION = YES;
				CLANG_WARN_INFINITE_RECURSION = YES;
				CLANG_WARN_INT_CONVERSION = YES;
				CLANG_WARN_NON_LITERAL_NULL_CONVERSION = YES;
				CLANG_WARN_OBJC_IMPLICIT_RETAIN_SELF = YES;
				CLANG_WARN_OBJC_LITERAL_CONVERSION = YES;
				CLANG_WARN_OBJC_ROOT_CLASS = YES_ERROR;
				CLANG_WARN_RANGE_LOOP_ANALYSIS = YES;
				CLANG_WARN_STRICT_PROTOTYPES = YES;
				CLANG_WARN_SUSPICIOUS_MOVE = YES;
				CLANG_WARN_UNGUARDED_AVAILABILITY = YES_AGGRESSIVE;
				CLANG_WARN_UNREACHABLE_CODE = YES;
				CLANG_WARN__DUPLICATE_METHOD_MATCH = YES;
				CODE_SIGN_IDENTITY = "iPhone Developer";
				COPY_PHASE_STRIP = NO;
				DEBUG_INFORMATION_FORMAT = dwarf;
				ENABLE_STRICT_OBJC_MSGSEND = YES;
				ENABLE_TESTABILITY = YES;
				GCC_C_LANGUAGE_STANDARD = gnu11;
				GCC_DYNAMIC_NO_PIC = NO;
				GCC_NO_COMMON_BLOCKS = YES;
				GCC_OPTIMIZATION_LEVEL = 0;
				GCC_PREPROCESSOR_DEFINITIONS = (
					"DEBUG=1",
					"$(inherited)",
				);
				GCC_WARN_64_TO_32_BIT_CONVERSION = YES;
				GCC_WARN_ABOUT_RETURN_TYPE = YES_ERROR;
				GCC_WARN_UNDECLARED_SELECTOR = YES;
				GCC_WARN_UNINITIALIZED_AUTOS = YES_AGGRESSIVE;
				GCC_WARN_UNUSED_FUNCTION = YES;
				GCC_WARN_UNUSED_VARIABLE = YES;
				IPHONEOS_DEPLOYMENT_TARGET = 11.3;
				MTL_ENABLE_DEBUG_INFO = YES;
				ONLY_ACTIVE_ARCH = YES;
				SDKROOT = iphoneos;
				SWIFT_ACTIVE_COMPILATION_CONDITIONS = DEBUG;
				SWIFT_OPTIMIZATION_LEVEL = "-Onone";
			};
			name = Debug;
		};
		475E2D8920F2EF37002F34DE /* Release */ = {
			isa = XCBuildConfiguration;
			buildSettings = {
				ALWAYS_SEARCH_USER_PATHS = NO;
				CLANG_ANALYZER_NONNULL = YES;
				CLANG_ANALYZER_NUMBER_OBJECT_CONVERSION = YES_AGGRESSIVE;
				CLANG_CXX_LANGUAGE_STANDARD = "gnu++14";
				CLANG_CXX_LIBRARY = "libc++";
				CLANG_ENABLE_MODULES = YES;
				CLANG_ENABLE_OBJC_ARC = YES;
				CLANG_ENABLE_OBJC_WEAK = YES;
				CLANG_WARN_BLOCK_CAPTURE_AUTORELEASING = YES;
				CLANG_WARN_BOOL_CONVERSION = YES;
				CLANG_WARN_COMMA = YES;
				CLANG_WARN_CONSTANT_CONVERSION = YES;
				CLANG_WARN_DEPRECATED_OBJC_IMPLEMENTATIONS = YES;
				CLANG_WARN_DIRECT_OBJC_ISA_USAGE = YES_ERROR;
				CLANG_WARN_DOCUMENTATION_COMMENTS = YES;
				CLANG_WARN_EMPTY_BODY = YES;
				CLANG_WARN_ENUM_CONVERSION = YES;
				CLANG_WARN_INFINITE_RECURSION = YES;
				CLANG_WARN_INT_CONVERSION = YES;
				CLANG_WARN_NON_LITERAL_NULL_CONVERSION = YES;
				CLANG_WARN_OBJC_IMPLICIT_RETAIN_SELF = YES;
				CLANG_WARN_OBJC_LITERAL_CONVERSION = YES;
				CLANG_WARN_OBJC_ROOT_CLASS = YES_ERROR;
				CLANG_WARN_RANGE_LOOP_ANALYSIS = YES;
				CLANG_WARN_STRICT_PROTOTYPES = YES;
				CLANG_WARN_SUSPICIOUS_MOVE = YES;
				CLANG_WARN_UNGUARDED_AVAILABILITY = YES_AGGRESSIVE;
				CLANG_WARN_UNREACHABLE_CODE = YES;
				CLANG_WARN__DUPLICATE_METHOD_MATCH = YES;
				CODE_SIGN_IDENTITY = "iPhone Developer";
				COPY_PHASE_STRIP = NO;
				DEBUG_INFORMATION_FORMAT = "dwarf-with-dsym";
				ENABLE_NS_ASSERTIONS = NO;
				ENABLE_STRICT_OBJC_MSGSEND = YES;
				GCC_C_LANGUAGE_STANDARD = gnu11;
				GCC_NO_COMMON_BLOCKS = YES;
				GCC_WARN_64_TO_32_BIT_CONVERSION = YES;
				GCC_WARN_ABOUT_RETURN_TYPE = YES_ERROR;
				GCC_WARN_UNDECLARED_SELECTOR = YES;
				GCC_WARN_UNINITIALIZED_AUTOS = YES_AGGRESSIVE;
				GCC_WARN_UNUSED_FUNCTION = YES;
				GCC_WARN_UNUSED_VARIABLE = YES;
				IPHONEOS_DEPLOYMENT_TARGET = 11.3;
				MTL_ENABLE_DEBUG_INFO = NO;
				SDKROOT = iphoneos;
				SWIFT_COMPILATION_MODE = wholemodule;
				SWIFT_OPTIMIZATION_LEVEL = "-O";
				VALIDATE_PRODUCT = YES;
			};
			name = Release;
		};
		475E2D8B20F2EF37002F34DE /* Debug */ = {
			isa = XCBuildConfiguration;
			buildSettings = {
				ASSETCATALOG_COMPILER_APPICON_NAME = AppIcon;
				CODE_SIGN_STYLE = Automatic;
				DEVELOPMENT_TEAM = 65LXM77DMH;
				INFOPLIST_FILE = SwiftDD/Info.plist;
				IPHONEOS_DEPLOYMENT_TARGET = 9.0;
				LD_RUNPATH_SEARCH_PATHS = (
					"$(inherited)",
					"@executable_path/Frameworks",
				);
				PRODUCT_BUNDLE_IDENTIFIER = com.gk.example.SwiftDD;
				PRODUCT_NAME = "$(TARGET_NAME)";
				SWIFT_VERSION = 4.0;
				TARGETED_DEVICE_FAMILY = 1;
			};
			name = Debug;
		};
		475E2D8C20F2EF37002F34DE /* Release */ = {
			isa = XCBuildConfiguration;
			buildSettings = {
				ASSETCATALOG_COMPILER_APPICON_NAME = AppIcon;
				CODE_SIGN_STYLE = Automatic;
				DEVELOPMENT_TEAM = 65LXM77DMH;
				INFOPLIST_FILE = SwiftDD/Info.plist;
				IPHONEOS_DEPLOYMENT_TARGET = 9.0;
				LD_RUNPATH_SEARCH_PATHS = (
					"$(inherited)",
					"@executable_path/Frameworks",
				);
				PRODUCT_BUNDLE_IDENTIFIER = com.gk.example.SwiftDD;
				PRODUCT_NAME = "$(TARGET_NAME)";
				SWIFT_VERSION = 4.0;
				TARGETED_DEVICE_FAMILY = 1;
			};
			name = Release;
		};
		475E2D8E20F2EF37002F34DE /* Debug */ = {
			isa = XCBuildConfiguration;
			buildSettings = {
				ALWAYS_EMBED_SWIFT_STANDARD_LIBRARIES = YES;
				BUNDLE_LOADER = "$(TEST_HOST)";
				CODE_SIGN_STYLE = Automatic;
				DEVELOPMENT_TEAM = 65LXM77DMH;
				INFOPLIST_FILE = SwiftDDTests/Info.plist;
				LD_RUNPATH_SEARCH_PATHS = (
					"$(inherited)",
					"@executable_path/Frameworks",
					"@loader_path/Frameworks",
				);
				PRODUCT_BUNDLE_IDENTIFIER = com.gk.example.SwiftDDTests;
				PRODUCT_NAME = "$(TARGET_NAME)";
				SWIFT_VERSION = 4.0;
				TARGETED_DEVICE_FAMILY = "1,2";
				TEST_HOST = "$(BUILT_PRODUCTS_DIR)/SwiftDD.app/SwiftDD";
			};
			name = Debug;
		};
		475E2D8F20F2EF37002F34DE /* Release */ = {
			isa = XCBuildConfiguration;
			buildSettings = {
				ALWAYS_EMBED_SWIFT_STANDARD_LIBRARIES = YES;
				BUNDLE_LOADER = "$(TEST_HOST)";
				CODE_SIGN_STYLE = Automatic;
				DEVELOPMENT_TEAM = 65LXM77DMH;
				INFOPLIST_FILE = SwiftDDTests/Info.plist;
				LD_RUNPATH_SEARCH_PATHS = (
					"$(inherited)",
					"@executable_path/Frameworks",
					"@loader_path/Frameworks",
				);
				PRODUCT_BUNDLE_IDENTIFIER = com.gk.example.SwiftDDTests;
				PRODUCT_NAME = "$(TARGET_NAME)";
				SWIFT_VERSION = 4.0;
				TARGETED_DEVICE_FAMILY = "1,2";
				TEST_HOST = "$(BUILT_PRODUCTS_DIR)/SwiftDD.app/SwiftDD";
			};
			name = Release;
		};
		475E2D9120F2EF37002F34DE /* Debug */ = {
			isa = XCBuildConfiguration;
			buildSettings = {
				ALWAYS_EMBED_SWIFT_STANDARD_LIBRARIES = YES;
				CODE_SIGN_STYLE = Automatic;
				DEVELOPMENT_TEAM = 65LXM77DMH;
				INFOPLIST_FILE = SwiftDDUITests/Info.plist;
				LD_RUNPATH_SEARCH_PATHS = (
					"$(inherited)",
					"@executable_path/Frameworks",
					"@loader_path/Frameworks",
				);
				PRODUCT_BUNDLE_IDENTIFIER = com.gk.example.SwiftDDUITests;
				PRODUCT_NAME = "$(TARGET_NAME)";
				SWIFT_VERSION = 4.0;
				TARGETED_DEVICE_FAMILY = "1,2";
				TEST_TARGET_NAME = SwiftDD;
			};
			name = Debug;
		};
		475E2D9220F2EF37002F34DE /* Release */ = {
			isa = XCBuildConfiguration;
			buildSettings = {
				ALWAYS_EMBED_SWIFT_STANDARD_LIBRARIES = YES;
				CODE_SIGN_STYLE = Automatic;
				DEVELOPMENT_TEAM = 65LXM77DMH;
				INFOPLIST_FILE = SwiftDDUITests/Info.plist;
				LD_RUNPATH_SEARCH_PATHS = (
					"$(inherited)",
					"@executable_path/Frameworks",
					"@loader_path/Frameworks",
				);
				PRODUCT_BUNDLE_IDENTIFIER = com.gk.example.SwiftDDUITests;
				PRODUCT_NAME = "$(TARGET_NAME)";
				SWIFT_VERSION = 4.0;
				TARGETED_DEVICE_FAMILY = "1,2";
				TEST_TARGET_NAME = SwiftDD;
			};
			name = Release;
		};
/* End XCBuildConfiguration section */

/* Begin XCConfigurationList section */
		475E2D5D20F2EF36002F34DE /* Build configuration list for PBXProject "SwiftDD" */ = {
			isa = XCConfigurationList;
			buildConfigurations = (
				475E2D8820F2EF37002F34DE /* Debug */,
				475E2D8920F2EF37002F34DE /* Release */,
			);
			defaultConfigurationIsVisible = 0;
			defaultConfigurationName = Release;
		};
		475E2D8A20F2EF37002F34DE /* Build configuration list for PBXNativeTarget "SwiftDD" */ = {
			isa = XCConfigurationList;
			buildConfigurations = (
				475E2D8B20F2EF37002F34DE /* Debug */,
				475E2D8C20F2EF37002F34DE /* Release */,
			);
			defaultConfigurationIsVisible = 0;
			defaultConfigurationName = Release;
		};
		475E2D8D20F2EF37002F34DE /* Build configuration list for PBXNativeTarget "SwiftDDTests" */ = {
			isa = XCConfigurationList;
			buildConfigurations = (
				475E2D8E20F2EF37002F34DE /* Debug */,
				475E2D8F20F2EF37002F34DE /* Release */,
			);
			defaultConfigurationIsVisible = 0;
			defaultConfigurationName = Release;
		};
		475E2D9020F2EF37002F34DE /* Build configuration list for PBXNativeTarget "SwiftDDUITests" */ = {
			isa = XCConfigurationList;
			buildConfigurations = (
				475E2D9120F2EF37002F34DE /* Debug */,
				475E2D9220F2EF37002F34DE /* Release */,
			);
			defaultConfigurationIsVisible = 0;
			defaultConfigurationName = Release;
		};
/* End XCConfigurationList section */
	};
	rootObject = 475E2D5A20F2EF36002F34DE /* Project object */;
}
